// !$*UTF8*$!
{
	archiveVersion = 1;
	classes = {
	};
	objectVersion = 46;
	objects = {

/* Begin PBXBuildFile section */
		035A9DF118F2F6C2007D9FEC /* Foundation.framework in Frameworks */ = {isa = PBXBuildFile; fileRef = 035A9DF018F2F6C2007D9FEC /* Foundation.framework */; };
		035A9DF318F2F6C2007D9FEC /* CoreGraphics.framework in Frameworks */ = {isa = PBXBuildFile; fileRef = 035A9DF218F2F6C2007D9FEC /* CoreGraphics.framework */; };
		035A9DF518F2F6C2007D9FEC /* UIKit.framework in Frameworks */ = {isa = PBXBuildFile; fileRef = 035A9DF418F2F6C2007D9FEC /* UIKit.framework */; };
		035A9DFB18F2F6C2007D9FEC /* InfoPlist.strings in Resources */ = {isa = PBXBuildFile; fileRef = 035A9DF918F2F6C2007D9FEC /* InfoPlist.strings */; };
		035A9DFD18F2F6C2007D9FEC /* main.m in Sources */ = {isa = PBXBuildFile; fileRef = 035A9DFC18F2F6C2007D9FEC /* main.m */; };
		035A9E0118F2F6C2007D9FEC /* INDAppDelegate.m in Sources */ = {isa = PBXBuildFile; fileRef = 035A9E0018F2F6C2007D9FEC /* INDAppDelegate.m */; };
		035A9E0418F2F6C2007D9FEC /* Main.storyboard in Resources */ = {isa = PBXBuildFile; fileRef = 035A9E0218F2F6C2007D9FEC /* Main.storyboard */; };
		035A9E0718F2F6C2007D9FEC /* INDMainViewController.m in Sources */ = {isa = PBXBuildFile; fileRef = 035A9E0618F2F6C2007D9FEC /* INDMainViewController.m */; };
		035A9E0A18F2F6C2007D9FEC /* INDDetailViewController.m in Sources */ = {isa = PBXBuildFile; fileRef = 035A9E0918F2F6C2007D9FEC /* INDDetailViewController.m */; };
		035A9E0C18F2F6C2007D9FEC /* Images.xcassets in Resources */ = {isa = PBXBuildFile; fileRef = 035A9E0B18F2F6C2007D9FEC /* Images.xcassets */; };
		035A9E2B18F2FB33007D9FEC /* INDNavigationController.m in Sources */ = {isa = PBXBuildFile; fileRef = 035A9E2A18F2FB33007D9FEC /* INDNavigationController.m */; };
		035A9E3018F2FEC8007D9FEC /* INDMainViewItem.m in Sources */ = {isa = PBXBuildFile; fileRef = 035A9E2F18F2FEC8007D9FEC /* INDMainViewItem.m */; };
		035A9E3B18F3021E007D9FEC /* INDJSONModelAdapter.m in Sources */ = {isa = PBXBuildFile; fileRef = 035A9E3A18F3021E007D9FEC /* INDJSONModelAdapter.m */; };
		03F7EC0818F3068A00964BF0 /* INDImageNameToImageValueTransformer.m in Sources */ = {isa = PBXBuildFile; fileRef = 03F7EC0718F3068A00964BF0 /* INDImageNameToImageValueTransformer.m */; };
		03F7EC0F18F30B4300964BF0 /* INDJSONTableViewController.m in Sources */ = {isa = PBXBuildFile; fileRef = 03F7EC0E18F30B4300964BF0 /* INDJSONTableViewController.m */; };
		03F7EC1418F3192A00964BF0 /* INDMainCellViewController.m in Sources */ = {isa = PBXBuildFile; fileRef = 03F7EC1318F3192A00964BF0 /* INDMainCellViewController.m */; };
		03F7EC1718F3194400964BF0 /* INDMainCellView.m in Sources */ = {isa = PBXBuildFile; fileRef = 03F7EC1618F3194400964BF0 /* INDMainCellView.m */; };
		03F7EC1A18F3195800964BF0 /* INDMainCellViewController.xib in Resources */ = {isa = PBXBuildFile; fileRef = 03F7EC1818F3195800964BF0 /* INDMainCellViewController.xib */; };
		03F7EC2F18F377D500964BF0 /* main.json in Resources */ = {isa = PBXBuildFile; fileRef = 03F7EC2918F377D500964BF0 /* main.json */; };
		03F7EC3518F37CAD00964BF0 /* INDLineSpacingLabel.m in Sources */ = {isa = PBXBuildFile; fileRef = 03F7EC3418F37CAD00964BF0 /* INDLineSpacingLabel.m */; };
		1044CA4DFD3B45B99DCFAA62 /* libPods.a in Frameworks */ = {isa = PBXBuildFile; fileRef = 369CB26F1E824679AA2C7D00 /* libPods.a */; };
/* End PBXBuildFile section */

/* Begin PBXFileReference section */
		035A9DED18F2F6C2007D9FEC /* Indragie Karunaratne.app */ = {isa = PBXFileReference; explicitFileType = wrapper.application; includeInIndex = 0; path = "Indragie Karunaratne.app"; sourceTree = BUILT_PRODUCTS_DIR; };
		035A9DF018F2F6C2007D9FEC /* Foundation.framework */ = {isa = PBXFileReference; lastKnownFileType = wrapper.framework; name = Foundation.framework; path = System/Library/Frameworks/Foundation.framework; sourceTree = SDKROOT; };
		035A9DF218F2F6C2007D9FEC /* CoreGraphics.framework */ = {isa = PBXFileReference; lastKnownFileType = wrapper.framework; name = CoreGraphics.framework; path = System/Library/Frameworks/CoreGraphics.framework; sourceTree = SDKROOT; };
		035A9DF418F2F6C2007D9FEC /* UIKit.framework */ = {isa = PBXFileReference; lastKnownFileType = wrapper.framework; name = UIKit.framework; path = System/Library/Frameworks/UIKit.framework; sourceTree = SDKROOT; };
		035A9DF818F2F6C2007D9FEC /* Indragie Karunaratne-Info.plist */ = {isa = PBXFileReference; lastKnownFileType = text.plist.xml; path = "Indragie Karunaratne-Info.plist"; sourceTree = "<group>"; };
		035A9DFA18F2F6C2007D9FEC /* en */ = {isa = PBXFileReference; lastKnownFileType = text.plist.strings; name = en; path = en.lproj/InfoPlist.strings; sourceTree = "<group>"; };
		035A9DFC18F2F6C2007D9FEC /* main.m */ = {isa = PBXFileReference; lastKnownFileType = sourcecode.c.objc; path = main.m; sourceTree = "<group>"; };
		035A9DFE18F2F6C2007D9FEC /* Indragie Karunaratne-Prefix.pch */ = {isa = PBXFileReference; lastKnownFileType = sourcecode.c.h; path = "Indragie Karunaratne-Prefix.pch"; sourceTree = "<group>"; };
		035A9DFF18F2F6C2007D9FEC /* INDAppDelegate.h */ = {isa = PBXFileReference; lastKnownFileType = sourcecode.c.h; path = INDAppDelegate.h; sourceTree = "<group>"; };
		035A9E0018F2F6C2007D9FEC /* INDAppDelegate.m */ = {isa = PBXFileReference; lastKnownFileType = sourcecode.c.objc; path = INDAppDelegate.m; sourceTree = "<group>"; };
		035A9E0318F2F6C2007D9FEC /* Base */ = {isa = PBXFileReference; lastKnownFileType = file.storyboard; name = Base; path = Base.lproj/Main.storyboard; sourceTree = "<group>"; };
		035A9E0518F2F6C2007D9FEC /* INDMainViewController.h */ = {isa = PBXFileReference; lastKnownFileType = sourcecode.c.h; path = INDMainViewController.h; sourceTree = "<group>"; };
		035A9E0618F2F6C2007D9FEC /* INDMainViewController.m */ = {isa = PBXFileReference; lastKnownFileType = sourcecode.c.objc; path = INDMainViewController.m; sourceTree = "<group>"; };
		035A9E0818F2F6C2007D9FEC /* INDDetailViewController.h */ = {isa = PBXFileReference; lastKnownFileType = sourcecode.c.h; path = INDDetailViewController.h; sourceTree = "<group>"; };
		035A9E0918F2F6C2007D9FEC /* INDDetailViewController.m */ = {isa = PBXFileReference; lastKnownFileType = sourcecode.c.objc; path = INDDetailViewController.m; sourceTree = "<group>"; };
		035A9E0B18F2F6C2007D9FEC /* Images.xcassets */ = {isa = PBXFileReference; lastKnownFileType = folder.assetcatalog; path = Images.xcassets; sourceTree = "<group>"; };
		035A9E2818F2F7FC007D9FEC /* INDUserInterfaceDefinitions.h */ = {isa = PBXFileReference; fileEncoding = 4; lastKnownFileType = sourcecode.c.h; name = INDUserInterfaceDefinitions.h; path = Classes/INDUserInterfaceDefinitions.h; sourceTree = "<group>"; };
		035A9E2918F2FB33007D9FEC /* INDNavigationController.h */ = {isa = PBXFileReference; fileEncoding = 4; lastKnownFileType = sourcecode.c.h; name = INDNavigationController.h; path = Classes/INDNavigationController.h; sourceTree = "<group>"; };
		035A9E2A18F2FB33007D9FEC /* INDNavigationController.m */ = {isa = PBXFileReference; fileEncoding = 4; lastKnownFileType = sourcecode.c.objc; name = INDNavigationController.m; path = Classes/INDNavigationController.m; sourceTree = "<group>"; };
		035A9E2E18F2FEC8007D9FEC /* INDMainViewItem.h */ = {isa = PBXFileReference; fileEncoding = 4; lastKnownFileType = sourcecode.c.h; name = INDMainViewItem.h; path = Classes/INDMainViewItem.h; sourceTree = "<group>"; };
		035A9E2F18F2FEC8007D9FEC /* INDMainViewItem.m */ = {isa = PBXFileReference; fileEncoding = 4; lastKnownFileType = sourcecode.c.objc; name = INDMainViewItem.m; path = Classes/INDMainViewItem.m; sourceTree = "<group>"; };
		035A9E3918F3021E007D9FEC /* INDJSONModelAdapter.h */ = {isa = PBXFileReference; fileEncoding = 4; lastKnownFileType = sourcecode.c.h; name = INDJSONModelAdapter.h; path = Classes/INDJSONModelAdapter.h; sourceTree = "<group>"; };
		035A9E3A18F3021E007D9FEC /* INDJSONModelAdapter.m */ = {isa = PBXFileReference; fileEncoding = 4; lastKnownFileType = sourcecode.c.objc; name = INDJSONModelAdapter.m; path = Classes/INDJSONModelAdapter.m; sourceTree = "<group>"; };
		03F7EC0618F3068A00964BF0 /* INDImageNameToImageValueTransformer.h */ = {isa = PBXFileReference; fileEncoding = 4; lastKnownFileType = sourcecode.c.h; name = INDImageNameToImageValueTransformer.h; path = Classes/INDImageNameToImageValueTransformer.h; sourceTree = "<group>"; };
		03F7EC0718F3068A00964BF0 /* INDImageNameToImageValueTransformer.m */ = {isa = PBXFileReference; fileEncoding = 4; lastKnownFileType = sourcecode.c.objc; name = INDImageNameToImageValueTransformer.m; path = Classes/INDImageNameToImageValueTransformer.m; sourceTree = "<group>"; };
		03F7EC0D18F30B4300964BF0 /* INDJSONTableViewController.h */ = {isa = PBXFileReference; fileEncoding = 4; lastKnownFileType = sourcecode.c.h; name = INDJSONTableViewController.h; path = Classes/INDJSONTableViewController.h; sourceTree = "<group>"; };
		03F7EC0E18F30B4300964BF0 /* INDJSONTableViewController.m */ = {isa = PBXFileReference; fileEncoding = 4; lastKnownFileType = sourcecode.c.objc; name = INDJSONTableViewController.m; path = Classes/INDJSONTableViewController.m; sourceTree = "<group>"; };
		03F7EC1218F3192A00964BF0 /* INDMainCellViewController.h */ = {isa = PBXFileReference; fileEncoding = 4; lastKnownFileType = sourcecode.c.h; name = INDMainCellViewController.h; path = Classes/INDMainCellViewController.h; sourceTree = "<group>"; };
		03F7EC1318F3192A00964BF0 /* INDMainCellViewController.m */ = {isa = PBXFileReference; fileEncoding = 4; lastKnownFileType = sourcecode.c.objc; name = INDMainCellViewController.m; path = Classes/INDMainCellViewController.m; sourceTree = "<group>"; };
		03F7EC1518F3194400964BF0 /* INDMainCellView.h */ = {isa = PBXFileReference; fileEncoding = 4; lastKnownFileType = sourcecode.c.h; name = INDMainCellView.h; path = Classes/INDMainCellView.h; sourceTree = "<group>"; };
		03F7EC1618F3194400964BF0 /* INDMainCellView.m */ = {isa = PBXFileReference; fileEncoding = 4; lastKnownFileType = sourcecode.c.objc; name = INDMainCellView.m; path = Classes/INDMainCellView.m; sourceTree = "<group>"; };
		03F7EC1918F3195800964BF0 /* Base */ = {isa = PBXFileReference; lastKnownFileType = file.xib; name = Base; path = Base.lproj/INDMainCellViewController.xib; sourceTree = "<group>"; };
		03F7EC2918F377D500964BF0 /* main.json */ = {isa = PBXFileReference; fileEncoding = 4; lastKnownFileType = text.json; path = main.json; sourceTree = "<group>"; };
		03F7EC3318F37CAD00964BF0 /* INDLineSpacingLabel.h */ = {isa = PBXFileReference; fileEncoding = 4; lastKnownFileType = sourcecode.c.h; name = INDLineSpacingLabel.h; path = Classes/INDLineSpacingLabel.h; sourceTree = "<group>"; };
		03F7EC3418F37CAD00964BF0 /* INDLineSpacingLabel.m */ = {isa = PBXFileReference; fileEncoding = 4; lastKnownFileType = sourcecode.c.objc; name = INDLineSpacingLabel.m; path = Classes/INDLineSpacingLabel.m; sourceTree = "<group>"; };
		369CB26F1E824679AA2C7D00 /* libPods.a */ = {isa = PBXFileReference; explicitFileType = archive.ar; includeInIndex = 0; path = libPods.a; sourceTree = BUILT_PRODUCTS_DIR; };
		972ED58FEA524DAA9C972757 /* Pods.xcconfig */ = {isa = PBXFileReference; includeInIndex = 1; lastKnownFileType = text.xcconfig; name = Pods.xcconfig; path = Pods/Pods.xcconfig; sourceTree = "<group>"; };
/* End PBXFileReference section */

/* Begin PBXFrameworksBuildPhase section */
		035A9DEA18F2F6C2007D9FEC /* Frameworks */ = {
			isa = PBXFrameworksBuildPhase;
			buildActionMask = 2147483647;
			files = (
				035A9DF318F2F6C2007D9FEC /* CoreGraphics.framework in Frameworks */,
				035A9DF518F2F6C2007D9FEC /* UIKit.framework in Frameworks */,
				035A9DF118F2F6C2007D9FEC /* Foundation.framework in Frameworks */,
				1044CA4DFD3B45B99DCFAA62 /* libPods.a in Frameworks */,
			);
			runOnlyForDeploymentPostprocessing = 0;
		};
/* End PBXFrameworksBuildPhase section */

/* Begin PBXGroup section */
		035A9DE418F2F6C2007D9FEC = {
			isa = PBXGroup;
			children = (
				035A9DF618F2F6C2007D9FEC /* Indragie Karunaratne */,
				035A9DEF18F2F6C2007D9FEC /* Frameworks */,
				035A9DEE18F2F6C2007D9FEC /* Products */,
				972ED58FEA524DAA9C972757 /* Pods.xcconfig */,
			);
			sourceTree = "<group>";
		};
		035A9DEE18F2F6C2007D9FEC /* Products */ = {
			isa = PBXGroup;
			children = (
				035A9DED18F2F6C2007D9FEC /* Indragie Karunaratne.app */,
			);
			name = Products;
			sourceTree = "<group>";
		};
		035A9DEF18F2F6C2007D9FEC /* Frameworks */ = {
			isa = PBXGroup;
			children = (
				035A9DF018F2F6C2007D9FEC /* Foundation.framework */,
				035A9DF218F2F6C2007D9FEC /* CoreGraphics.framework */,
				035A9DF418F2F6C2007D9FEC /* UIKit.framework */,
				369CB26F1E824679AA2C7D00 /* libPods.a */,
			);
			name = Frameworks;
			sourceTree = "<group>";
		};
		035A9DF618F2F6C2007D9FEC /* Indragie Karunaratne */ = {
			isa = PBXGroup;
			children = (
				03F7EC2018F377D500964BF0 /* Resources */,
				03F7EC1B18F374EE00964BF0 /* Custom Views */,
				03F7EC0C18F30B1500964BF0 /* Base View Controllers */,
				03F7EC0518F3067600964BF0 /* Value Transformers */,
				035A9E3118F2FED7007D9FEC /* Adapters */,
				035A9E2C18F2FB84007D9FEC /* Main View */,
				035A9DFF18F2F6C2007D9FEC /* INDAppDelegate.h */,
				035A9E0018F2F6C2007D9FEC /* INDAppDelegate.m */,
				035A9E0218F2F6C2007D9FEC /* Main.storyboard */,
				035A9E0818F2F6C2007D9FEC /* INDDetailViewController.h */,
				035A9E0918F2F6C2007D9FEC /* INDDetailViewController.m */,
				035A9E0B18F2F6C2007D9FEC /* Images.xcassets */,
				035A9DF718F2F6C2007D9FEC /* Supporting Files */,
				035A9E2818F2F7FC007D9FEC /* INDUserInterfaceDefinitions.h */,
			);
			path = "Indragie Karunaratne";
			sourceTree = "<group>";
		};
		035A9DF718F2F6C2007D9FEC /* Supporting Files */ = {
			isa = PBXGroup;
			children = (
				035A9DF818F2F6C2007D9FEC /* Indragie Karunaratne-Info.plist */,
				035A9DF918F2F6C2007D9FEC /* InfoPlist.strings */,
				035A9DFC18F2F6C2007D9FEC /* main.m */,
				035A9DFE18F2F6C2007D9FEC /* Indragie Karunaratne-Prefix.pch */,
			);
			name = "Supporting Files";
			sourceTree = "<group>";
		};
		035A9E2C18F2FB84007D9FEC /* Main View */ = {
			isa = PBXGroup;
			children = (
				035A9E2D18F2FB96007D9FEC /* Model */,
				03F7EC1118F3190F00964BF0 /* View */,
				03F7EC1018F3190300964BF0 /* Controller */,
			);
			name = "Main View";
			sourceTree = "<group>";
		};
		035A9E2D18F2FB96007D9FEC /* Model */ = {
			isa = PBXGroup;
			children = (
				035A9E2E18F2FEC8007D9FEC /* INDMainViewItem.h */,
				035A9E2F18F2FEC8007D9FEC /* INDMainViewItem.m */,
			);
			name = Model;
			sourceTree = "<group>";
		};
		035A9E3118F2FED7007D9FEC /* Adapters */ = {
			isa = PBXGroup;
			children = (
				035A9E3918F3021E007D9FEC /* INDJSONModelAdapter.h */,
				035A9E3A18F3021E007D9FEC /* INDJSONModelAdapter.m */,
			);
			name = Adapters;
			sourceTree = "<group>";
		};
		03F7EC0518F3067600964BF0 /* Value Transformers */ = {
			isa = PBXGroup;
			children = (
				03F7EC0618F3068A00964BF0 /* INDImageNameToImageValueTransformer.h */,
				03F7EC0718F3068A00964BF0 /* INDImageNameToImageValueTransformer.m */,
			);
			name = "Value Transformers";
			sourceTree = "<group>";
		};
		03F7EC0C18F30B1500964BF0 /* Base View Controllers */ = {
			isa = PBXGroup;
			children = (
				03F7EC0D18F30B4300964BF0 /* INDJSONTableViewController.h */,
				03F7EC0E18F30B4300964BF0 /* INDJSONTableViewController.m */,
			);
			name = "Base View Controllers";
			sourceTree = "<group>";
		};
		03F7EC1018F3190300964BF0 /* Controller */ = {
			isa = PBXGroup;
			children = (
				035A9E2918F2FB33007D9FEC /* INDNavigationController.h */,
				035A9E2A18F2FB33007D9FEC /* INDNavigationController.m */,
				035A9E0518F2F6C2007D9FEC /* INDMainViewController.h */,
				035A9E0618F2F6C2007D9FEC /* INDMainViewController.m */,
			);
			name = Controller;
			sourceTree = "<group>";
		};
		03F7EC1118F3190F00964BF0 /* View */ = {
			isa = PBXGroup;
			children = (
				03F7EC1218F3192A00964BF0 /* INDMainCellViewController.h */,
				03F7EC1318F3192A00964BF0 /* INDMainCellViewController.m */,
				03F7EC1518F3194400964BF0 /* INDMainCellView.h */,
				03F7EC1618F3194400964BF0 /* INDMainCellView.m */,
				03F7EC1818F3195800964BF0 /* INDMainCellViewController.xib */,
			);
			name = View;
			sourceTree = "<group>";
		};
		03F7EC1B18F374EE00964BF0 /* Custom Views */ = {
			isa = PBXGroup;
			children = (
				03F7EC3318F37CAD00964BF0 /* INDLineSpacingLabel.h */,
				03F7EC3418F37CAD00964BF0 /* INDLineSpacingLabel.m */,
			);
			name = "Custom Views";
			sourceTree = "<group>";
		};
		03F7EC2018F377D500964BF0 /* Resources */ = {
			isa = PBXGroup;
			children = (
				03F7EC2818F377D500964BF0 /* JSON */,
			);
			path = Resources;
			sourceTree = "<group>";
		};
		03F7EC2818F377D500964BF0 /* JSON */ = {
			isa = PBXGroup;
			children = (
				03F7EC2918F377D500964BF0 /* main.json */,
			);
			path = JSON;
			sourceTree = "<group>";
		};
/* End PBXGroup section */

/* Begin PBXNativeTarget section */
		035A9DEC18F2F6C2007D9FEC /* Indragie Karunaratne */ = {
			isa = PBXNativeTarget;
			buildConfigurationList = 035A9E2218F2F6C2007D9FEC /* Build configuration list for PBXNativeTarget "Indragie Karunaratne" */;
			buildPhases = (
				C8C372D63FF5459C9848C40C /* Check Pods Manifest.lock */,
				035A9DE918F2F6C2007D9FEC /* Sources */,
				035A9DEA18F2F6C2007D9FEC /* Frameworks */,
				035A9DEB18F2F6C2007D9FEC /* Resources */,
				BDA06C22ECE24DBF9197B7A8 /* Copy Pods Resources */,
			);
			buildRules = (
			);
			dependencies = (
			);
			name = "Indragie Karunaratne";
			productName = "Indragie Karunaratne";
			productReference = 035A9DED18F2F6C2007D9FEC /* Indragie Karunaratne.app */;
			productType = "com.apple.product-type.application";
		};
/* End PBXNativeTarget section */

/* Begin PBXProject section */
		035A9DE518F2F6C2007D9FEC /* Project object */ = {
			isa = PBXProject;
			attributes = {
				CLASSPREFIX = IND;
				LastUpgradeCheck = 0510;
				ORGANIZATIONNAME = "Indragie Karunaratne";
			};
			buildConfigurationList = 035A9DE818F2F6C2007D9FEC /* Build configuration list for PBXProject "Indragie Karunaratne" */;
			compatibilityVersion = "Xcode 3.2";
			developmentRegion = English;
			hasScannedForEncodings = 0;
			knownRegions = (
				en,
				Base,
			);
			mainGroup = 035A9DE418F2F6C2007D9FEC;
			productRefGroup = 035A9DEE18F2F6C2007D9FEC /* Products */;
			projectDirPath = "";
			projectRoot = "";
			targets = (
				035A9DEC18F2F6C2007D9FEC /* Indragie Karunaratne */,
			);
		};
/* End PBXProject section */

/* Begin PBXResourcesBuildPhase section */
		035A9DEB18F2F6C2007D9FEC /* Resources */ = {
			isa = PBXResourcesBuildPhase;
			buildActionMask = 2147483647;
			files = (
				03F7EC2F18F377D500964BF0 /* main.json in Resources */,
				035A9E0C18F2F6C2007D9FEC /* Images.xcassets in Resources */,
				03F7EC1A18F3195800964BF0 /* INDMainCellViewController.xib in Resources */,
				035A9DFB18F2F6C2007D9FEC /* InfoPlist.strings in Resources */,
				035A9E0418F2F6C2007D9FEC /* Main.storyboard in Resources */,
			);
			runOnlyForDeploymentPostprocessing = 0;
		};
/* End PBXResourcesBuildPhase section */

/* Begin PBXShellScriptBuildPhase section */
		BDA06C22ECE24DBF9197B7A8 /* Copy Pods Resources */ = {
			isa = PBXShellScriptBuildPhase;
			buildActionMask = 2147483647;
			files = (
			);
			inputPaths = (
			);
			name = "Copy Pods Resources";
			outputPaths = (
			);
			runOnlyForDeploymentPostprocessing = 0;
			shellPath = /bin/sh;
			shellScript = "\"${SRCROOT}/Pods/Pods-resources.sh\"\n";
			showEnvVarsInLog = 0;
		};
		C8C372D63FF5459C9848C40C /* Check Pods Manifest.lock */ = {
			isa = PBXShellScriptBuildPhase;
			buildActionMask = 2147483647;
			files = (
			);
			inputPaths = (
			);
			name = "Check Pods Manifest.lock";
			outputPaths = (
			);
			runOnlyForDeploymentPostprocessing = 0;
			shellPath = /bin/sh;
			shellScript = "diff \"${PODS_ROOT}/../Podfile.lock\" \"${PODS_ROOT}/Manifest.lock\" > /dev/null\nif [[ $? != 0 ]] ; then\n    cat << EOM\nerror: The sandbox is not in sync with the Podfile.lock. Run 'pod install' or update your CocoaPods installation.\nEOM\n    exit 1\nfi\n";
			showEnvVarsInLog = 0;
		};
/* End PBXShellScriptBuildPhase section */

/* Begin PBXSourcesBuildPhase section */
		035A9DE918F2F6C2007D9FEC /* Sources */ = {
			isa = PBXSourcesBuildPhase;
			buildActionMask = 2147483647;
			files = (
				03F7EC1718F3194400964BF0 /* INDMainCellView.m in Sources */,
				035A9E3018F2FEC8007D9FEC /* INDMainViewItem.m in Sources */,
				035A9E0718F2F6C2007D9FEC /* INDMainViewController.m in Sources */,
				03F7EC0F18F30B4300964BF0 /* INDJSONTableViewController.m in Sources */,
				035A9E0A18F2F6C2007D9FEC /* INDDetailViewController.m in Sources */,
				035A9E0118F2F6C2007D9FEC /* INDAppDelegate.m in Sources */,
				035A9DFD18F2F6C2007D9FEC /* main.m in Sources */,
				03F7EC0818F3068A00964BF0 /* INDImageNameToImageValueTransformer.m in Sources */,
				03F7EC3518F37CAD00964BF0 /* INDLineSpacingLabel.m in Sources */,
				035A9E2B18F2FB33007D9FEC /* INDNavigationController.m in Sources */,
				035A9E3B18F3021E007D9FEC /* INDJSONModelAdapter.m in Sources */,
				03F7EC1418F3192A00964BF0 /* INDMainCellViewController.m in Sources */,
			);
			runOnlyForDeploymentPostprocessing = 0;
		};
/* End PBXSourcesBuildPhase section */

/* Begin PBXVariantGroup section */
		035A9DF918F2F6C2007D9FEC /* InfoPlist.strings */ = {
			isa = PBXVariantGroup;
			children = (
				035A9DFA18F2F6C2007D9FEC /* en */,
			);
			name = InfoPlist.strings;
			sourceTree = "<group>";
		};
		035A9E0218F2F6C2007D9FEC /* Main.storyboard */ = {
			isa = PBXVariantGroup;
			children = (
				035A9E0318F2F6C2007D9FEC /* Base */,
			);
			name = Main.storyboard;
			sourceTree = "<group>";
		};
		03F7EC1818F3195800964BF0 /* INDMainCellViewController.xib */ = {
			isa = PBXVariantGroup;
			children = (
				03F7EC1918F3195800964BF0 /* Base */,
			);
			name = INDMainCellViewController.xib;
			sourceTree = "<group>";
		};
/* End PBXVariantGroup section */

/* Begin XCBuildConfiguration section */
		035A9E2018F2F6C2007D9FEC /* Debug */ = {
			isa = XCBuildConfiguration;
			buildSettings = {
				ALWAYS_SEARCH_USER_PATHS = NO;
				CLANG_CXX_LANGUAGE_STANDARD = "gnu++0x";
				CLANG_CXX_LIBRARY = "libc++";
				CLANG_ENABLE_MODULES = YES;
				CLANG_ENABLE_OBJC_ARC = YES;
				CLANG_WARN_BOOL_CONVERSION = YES;
				CLANG_WARN_CONSTANT_CONVERSION = YES;
				CLANG_WARN_DIRECT_OBJC_ISA_USAGE = YES_ERROR;
				CLANG_WARN_EMPTY_BODY = YES;
				CLANG_WARN_ENUM_CONVERSION = YES;
				CLANG_WARN_INT_CONVERSION = YES;
				CLANG_WARN_OBJC_ROOT_CLASS = YES_ERROR;
				CLANG_WARN__DUPLICATE_METHOD_MATCH = YES;
				"CODE_SIGN_IDENTITY[sdk=iphoneos*]" = "iPhone Developer";
				COPY_PHASE_STRIP = NO;
				GCC_C_LANGUAGE_STANDARD = gnu99;
				GCC_DYNAMIC_NO_PIC = NO;
				GCC_OPTIMIZATION_LEVEL = 0;
				GCC_PREPROCESSOR_DEFINITIONS = (
					"DEBUG=1",
					"$(inherited)",
				);
				GCC_SYMBOLS_PRIVATE_EXTERN = NO;
				GCC_WARN_64_TO_32_BIT_CONVERSION = YES;
				GCC_WARN_ABOUT_RETURN_TYPE = YES_ERROR;
				GCC_WARN_UNDECLARED_SELECTOR = YES;
				GCC_WARN_UNINITIALIZED_AUTOS = YES_AGGRESSIVE;
				GCC_WARN_UNUSED_FUNCTION = YES;
				GCC_WARN_UNUSED_VARIABLE = YES;
				IPHONEOS_DEPLOYMENT_TARGET = 7.1;
				ONLY_ACTIVE_ARCH = YES;
				SDKROOT = iphoneos;
			};
			name = Debug;
		};
		035A9E2118F2F6C2007D9FEC /* Release */ = {
			isa = XCBuildConfiguration;
			buildSettings = {
				ALWAYS_SEARCH_USER_PATHS = NO;
				CLANG_CXX_LANGUAGE_STANDARD = "gnu++0x";
				CLANG_CXX_LIBRARY = "libc++";
				CLANG_ENABLE_MODULES = YES;
				CLANG_ENABLE_OBJC_ARC = YES;
				CLANG_WARN_BOOL_CONVERSION = YES;
				CLANG_WARN_CONSTANT_CONVERSION = YES;
				CLANG_WARN_DIRECT_OBJC_ISA_USAGE = YES_ERROR;
				CLANG_WARN_EMPTY_BODY = YES;
				CLANG_WARN_ENUM_CONVERSION = YES;
				CLANG_WARN_INT_CONVERSION = YES;
				CLANG_WARN_OBJC_ROOT_CLASS = YES_ERROR;
				CLANG_WARN__DUPLICATE_METHOD_MATCH = YES;
				"CODE_SIGN_IDENTITY[sdk=iphoneos*]" = "iPhone Developer";
				COPY_PHASE_STRIP = YES;
				ENABLE_NS_ASSERTIONS = NO;
				GCC_C_LANGUAGE_STANDARD = gnu99;
				GCC_WARN_64_TO_32_BIT_CONVERSION = YES;
				GCC_WARN_ABOUT_RETURN_TYPE = YES_ERROR;
				GCC_WARN_UNDECLARED_SELECTOR = YES;
				GCC_WARN_UNINITIALIZED_AUTOS = YES_AGGRESSIVE;
				GCC_WARN_UNUSED_FUNCTION = YES;
				GCC_WARN_UNUSED_VARIABLE = YES;
				IPHONEOS_DEPLOYMENT_TARGET = 7.1;
				SDKROOT = iphoneos;
				VALIDATE_PRODUCT = YES;
			};
			name = Release;
		};
		035A9E2318F2F6C2007D9FEC /* Debug */ = {
			isa = XCBuildConfiguration;
			baseConfigurationReference = 972ED58FEA524DAA9C972757 /* Pods.xcconfig */;
			buildSettings = {
				ASSETCATALOG_COMPILER_APPICON_NAME = AppIcon;
				ASSETCATALOG_COMPILER_LAUNCHIMAGE_NAME = LaunchImage;
				GCC_PRECOMPILE_PREFIX_HEADER = YES;
				GCC_PREFIX_HEADER = "Indragie Karunaratne/Indragie Karunaratne-Prefix.pch";
				INFOPLIST_FILE = "Indragie Karunaratne/Indragie Karunaratne-Info.plist";
				PRODUCT_NAME = "$(TARGET_NAME)";
				WRAPPER_EXTENSION = app;
			};
			name = Debug;
		};
		035A9E2418F2F6C2007D9FEC /* Release */ = {
			isa = XCBuildConfiguration;
			baseConfigurationReference = 972ED58FEA524DAA9C972757 /* Pods.xcconfig */;
			buildSettings = {
				ASSETCATALOG_COMPILER_APPICON_NAME = AppIcon;
				ASSETCATALOG_COMPILER_LAUNCHIMAGE_NAME = LaunchImage;
				GCC_PRECOMPILE_PREFIX_HEADER = YES;
				GCC_PREFIX_HEADER = "Indragie Karunaratne/Indragie Karunaratne-Prefix.pch";
				INFOPLIST_FILE = "Indragie Karunaratne/Indragie Karunaratne-Info.plist";
				PRODUCT_NAME = "$(TARGET_NAME)";
				WRAPPER_EXTENSION = app;
			};
			name = Release;
		};
/* End XCBuildConfiguration section */

/* Begin XCConfigurationList section */
		035A9DE818F2F6C2007D9FEC /* Build configuration list for PBXProject "Indragie Karunaratne" */ = {
			isa = XCConfigurationList;
			buildConfigurations = (
				035A9E2018F2F6C2007D9FEC /* Debug */,
				035A9E2118F2F6C2007D9FEC /* Release */,
			);
			defaultConfigurationIsVisible = 0;
			defaultConfigurationName = Release;
		};
		035A9E2218F2F6C2007D9FEC /* Build configuration list for PBXNativeTarget "Indragie Karunaratne" */ = {
			isa = XCConfigurationList;
			buildConfigurations = (
				035A9E2318F2F6C2007D9FEC /* Debug */,
				035A9E2418F2F6C2007D9FEC /* Release */,
			);
			defaultConfigurationIsVisible = 0;
			defaultConfigurationName = Release;
		};
/* End XCConfigurationList section */
	};
	rootObject = 035A9DE518F2F6C2007D9FEC /* Project object */;
}
